
Microsoft Visual Studio Solution File, Format Version 12.00
# Visual Studio Version 16
VisualStudioVersion = 16.0.30320.27
MinimumVisualStudioVersion = 10.0.40219.1
Project("{FAE04EC0-301F-11D3-BF4B-00C04F79EFBC}") = "InventoryManager.WinForms", "InventoryManager.WinForms\InventoryManager.WinForms.csproj", "{7713BA97-23FE-4B15-B98F-37FBA24F24C5}"
EndProject
Project("{FAE04EC0-301F-11D3-BF4B-00C04F79EFBC}") = "InventoryManager.Data", "InventoryManager.Data\InventoryManager.Data.csproj", "{C38B88DA-BBC7-4DCC-9A38-BC5563CD167E}"
EndProject
Global
	GlobalSection(SolutionConfigurationPlatforms) = preSolution
		Debug|Any CPU = Debug|Any CPU
		Release|Any CPU = Release|Any CPU
	EndGlobalSection
	GlobalSection(ProjectConfigurationPlatforms) = postSolution
		{7713BA97-23FE-4B15-B98F-37FBA24F24C5}.Debug|Any CPU.ActiveCfg = Debug|Any CPU
		{7713BA97-23FE-4B15-B98F-37FBA24F24C5}.Debug|Any CPU.Build.0 = Debug|Any CPU
		{7713BA97-23FE-4B15-B98F-37FBA24F24C5}.Release|Any CPU.ActiveCfg = Release|Any CPU
		{7713BA97-23FE-4B15-B98F-37FBA24F24C5}.Release|Any CPU.Build.0 = Release|Any CPU
		{C38B88DA-BBC7-4DCC-9A38-BC5563CD167E}.Debug|Any CPU.ActiveCfg = Debug|Any CPU
		{C38B88DA-BBC7-4DCC-9A38-BC5563CD167E}.Debug|Any CPU.Build.0 = Debug|Any CPU
		{C38B88DA-BBC7-4DCC-9A38-BC5563CD167E}.Release|Any CPU.ActiveCfg = Release|Any CPU
		{C38B88DA-BBC7-4DCC-9A38-BC5563CD167E}.Release|Any CPU.Build.0 = Release|Any CPU
	EndGlobalSection
	GlobalSection(SolutionProperties) = preSolution
		HideSolutionNode = FALSE
	EndGlobalSection
	GlobalSection(ExtensibilityGlobals) = postSolution
		SolutionGuid = {945FEE4F-D709-47C1-9609-91D112F014C0}
	EndGlobalSection
EndGlobal
